# This file is automatically @generated by Cargo.
# It is not intended for manual editing.
version = 3

[[package]]
name = "flipperzero"
version = "0.2.0"
source = "registry+https://github.com/rust-lang/crates.io-index"
checksum = "e5ad1854937579e3d77e154515a17f8f521d050b8fdeb7e021eff0946ff8a55e"
dependencies = [
 "flipperzero-sys",
]

[[package]]
name = "flipperzero-sys"
version = "0.2.0"
source = "registry+https://github.com/rust-lang/crates.io-index"
checksum = "abcfaacfcd0047d7e26c51ddea0b83bfcf83a7f584bf418126d607cd4646ffa7"

[[package]]
name = "hello_rust"
version = "0.1.0"
dependencies = [
 "flipperzero",
 "flipperzero-sys",
]
