# This file is automatically @generated by Cargo.
# It is not intended for manual editing.
version = 3

[[package]]
name = "flipperzero"
version = "0.1.0"
source = "registry+https://github.com/rust-lang/crates.io-index"
checksum = "82d2635dadb3844b1a53e4066385902beeebf6178ab26fb1f8e9766bdca18b2c"
dependencies = [
 "flipperzero-sys",
]

[[package]]
name = "flipperzero-sys"
version = "0.1.0"
source = "registry+https://github.com/rust-lang/crates.io-index"
checksum = "53f5bbf6c39fbadcec435acb52d3a8853d1180212639c2a76c433756515c9cdb"

[[package]]
name = "hello_rust"
version = "0.1.0"
dependencies = [
 "flipperzero",
 "flipperzero-sys",
]
